
Microsoft Visual Studio Solution File, Format Version 12.00
# Visual Studio Version 17
VisualStudioVersion = 17.5.002.0
MinimumVisualStudioVersion = 10.0.40219.1
Project("{9A19103F-16F7-4668-BE54-9A1E7A4F7556}") = "NeuralNetwork", "NeuralNetwork.csproj", "{1C26FF6E-E18E-4165-9288-B422235C42A6}"
EndProject
Project("{FAE04EC0-301F-11D3-BF4B-00C04F79EFBC}") = "fontediting", "..\csharpscripts\AndelicKeyboard\fontediting\fontediting.csproj", "{A896E28A-6EE7-4F7D-95B6-2A30727E4B99}"
EndProject
Global
	GlobalSection(SolutionConfigurationPlatforms) = preSolution
		Debug|Any CPU = Debug|Any CPU
		Release|Any CPU = Release|Any CPU
	EndGlobalSection
	GlobalSection(ProjectConfigurationPlatforms) = postSolution
		{1C26FF6E-E18E-4165-9288-B422235C42A6}.Debug|Any CPU.ActiveCfg = Debug|Any CPU
		{1C26FF6E-E18E-4165-9288-B422235C42A6}.Debug|Any CPU.Build.0 = Debug|Any CPU
		{1C26FF6E-E18E-4165-9288-B422235C42A6}.Release|Any CPU.ActiveCfg = Release|Any CPU
		{1C26FF6E-E18E-4165-9288-B422235C42A6}.Release|Any CPU.Build.0 = Release|Any CPU
		{A896E28A-6EE7-4F7D-95B6-2A30727E4B99}.Debug|Any CPU.ActiveCfg = Debug|Any CPU
		{A896E28A-6EE7-4F7D-95B6-2A30727E4B99}.Debug|Any CPU.Build.0 = Debug|Any CPU
		{A896E28A-6EE7-4F7D-95B6-2A30727E4B99}.Release|Any CPU.ActiveCfg = Release|Any CPU
		{A896E28A-6EE7-4F7D-95B6-2A30727E4B99}.Release|Any CPU.Build.0 = Release|Any CPU
	EndGlobalSection
	GlobalSection(SolutionProperties) = preSolution
		HideSolutionNode = FALSE
	EndGlobalSection
	GlobalSection(ExtensibilityGlobals) = postSolution
		SolutionGuid = {DE07DD07-EA0A-420E-A0DB-82EDB6BDE575}
	EndGlobalSection
EndGlobal
